<?xml version="1.0" encoding="utf-8"?>
<Project ToolsVersion="4.0" xmlns="http://schemas.microsoft.com/developer/msbuild/2003">
  <ItemGroup>
    <Filter Include="ソース ファイル">
      <UniqueIdentifier>{4FC737F1-C7A5-4376-A066-2A32D752A2FF}</UniqueIdentifier>
      <Extensions>cpp;c;cc;cxx;def;odl;idl;hpj;bat;asm;asmx</Extensions>
    </Filter>
    <Filter Include="ヘッダー ファイル">
      <UniqueIdentifier>{93995380-89BD-4b04-88EB-625FBE52EBFB}</UniqueIdentifier>
      <Extensions>h;hh;hpp;hxx;hm;inl;inc;xsd</Extensions>
    </Filter>
    <Filter Include="リソース ファイル">
      <UniqueIdentifier>{67DA6AB6-F800-4c08-8B7A-83BB121AAD01}</UniqueIdentifier>
      <Extensions>rc;ico;cur;bmp;dlg;rc2;rct;bin;rgs;gif;jpg;jpeg;jpe;resx;tiff;tif;png;wav;mfcribbon-ms</Extensions>
    </Filter>
    <Filter Include="ソース ファイル\Object">
      <UniqueIdentifier>{1e309312-83aa-420d-a11f-9ea7b410febd}</UniqueIdentifier>
    </Filter>
    <Filter Include="ヘッダー ファイル\Object">
      <UniqueIdentifier>{48e6e8c2-468d-41c6-b47f-aa94b249f5d6}</UniqueIdentifier>
    </Filter>
    <Filter Include="ソース ファイル\Object\object2D">
      <UniqueIdentifier>{b289c6b5-bb32-46ca-bf22-9fd4aef79629}</UniqueIdentifier>
    </Filter>
    <Filter Include="ヘッダー ファイル\Object\object2D">
      <UniqueIdentifier>{c04cf401-e230-47bc-9ffb-16e318ff86b9}</UniqueIdentifier>
    </Filter>
    <Filter Include="ソース ファイル\Object\object3D">
      <UniqueIdentifier>{d1ba9758-f1ed-4422-8baa-22c9f5498cce}</UniqueIdentifier>
    </Filter>
    <Filter Include="ヘッダー ファイル\Object\object3D">
      <UniqueIdentifier>{fe95079f-b9fb-48ec-81b9-a4ed081c9504}</UniqueIdentifier>
    </Filter>
    <Filter Include="ヘッダー ファイル\Object\objectX">
      <UniqueIdentifier>{a4632552-5340-4e4f-b689-e0df49ffce3e}</UniqueIdentifier>
    </Filter>
    <Filter Include="ソース ファイル\Object\objectX">
      <UniqueIdentifier>{181167f3-d84e-4774-84e0-c3e69b3acab1}</UniqueIdentifier>
    </Filter>
    <Filter Include="ソース ファイル\Object\ビルボード">
      <UniqueIdentifier>{68dc69ad-17bd-487d-8b42-b43e3c170a5e}</UniqueIdentifier>
    </Filter>
    <Filter Include="ヘッダー ファイル\Object\ビルボード">
      <UniqueIdentifier>{9a32ab94-b502-44c1-ae01-78ef29d3b963}</UniqueIdentifier>
    </Filter>
  </ItemGroup>
  <ItemGroup>
    <ClCompile Include="main.cpp">
      <Filter>ソース ファイル</Filter>
    </ClCompile>
    <ClCompile Include="application.cpp">
      <Filter>ソース ファイル</Filter>
    </ClCompile>
    <ClCompile Include="renderer.cpp">
      <Filter>ソース ファイル</Filter>
    </ClCompile>
    <ClCompile Include="input.cpp">
      <Filter>ソース ファイル</Filter>
    </ClCompile>
    <ClCompile Include="keyboard.cpp">
      <Filter>ソース ファイル</Filter>
    </ClCompile>
    <ClCompile Include="camera.cpp">
      <Filter>ソース ファイル</Filter>
    </ClCompile>
    <ClCompile Include="light.cpp">
      <Filter>ソース ファイル</Filter>
    </ClCompile>
    <ClCompile Include="object.cpp">
      <Filter>ソース ファイル\Object</Filter>
    </ClCompile>
    <ClCompile Include="texture.cpp">
      <Filter>ソース ファイル\Object</Filter>
    </ClCompile>
    <ClCompile Include="object2d.cpp">
      <Filter>ソース ファイル\Object\object2D</Filter>
    </ClCompile>
    <ClCompile Include="object3d.cpp">
      <Filter>ソース ファイル\Object\object3D</Filter>
    </ClCompile>
    <ClCompile Include="player.cpp">
      <Filter>ソース ファイル\Object\objectX</Filter>
    </ClCompile>
    <ClCompile Include="objectx.cpp">
      <Filter>ソース ファイル\Object\objectX</Filter>
    </ClCompile>
    <ClCompile Include="polygon.cpp">
      <Filter>ソース ファイル\Object\object3D</Filter>
    </ClCompile>
    <ClCompile Include="shadow.cpp">
      <Filter>ソース ファイル\Object\object3D</Filter>
    </ClCompile>
    <ClCompile Include="billboard.cpp">
      <Filter>ソース ファイル\Object\ビルボード</Filter>
    </ClCompile>
    <ClCompile Include="bullet.cpp">
      <Filter>ソース ファイル\Object\ビルボード</Filter>
    </ClCompile>
    <ClCompile Include="debugproc.cpp">
      <Filter>ソース ファイル</Filter>
    </ClCompile>
    <ClCompile Include="effect.cpp">
      <Filter>ソース ファイル\Object\ビルボード</Filter>
    </ClCompile>
  </ItemGroup>
  <ItemGroup>
    <ClInclude Include="application.h">
      <Filter>ヘッダー ファイル</Filter>
    </ClInclude>
    <ClInclude Include="renderer.h">
      <Filter>ヘッダー ファイル</Filter>
    </ClInclude>
    <ClInclude Include="main.h">
      <Filter>ヘッダー ファイル</Filter>
    </ClInclude>
    <ClInclude Include="input.h">
      <Filter>ヘッダー ファイル</Filter>
    </ClInclude>
    <ClInclude Include="keyboard.h">
      <Filter>ヘッダー ファイル</Filter>
    </ClInclude>
    <ClInclude Include="camera.h">
      <Filter>ヘッダー ファイル</Filter>
    </ClInclude>
    <ClInclude Include="light.h">
      <Filter>ヘッダー ファイル</Filter>
    </ClInclude>
    <ClInclude Include="object.h">
      <Filter>ヘッダー ファイル\Object</Filter>
    </ClInclude>
    <ClInclude Include="texture.h">
      <Filter>ヘッダー ファイル\Object</Filter>
    </ClInclude>
    <ClInclude Include="object2d.h">
      <Filter>ヘッダー ファイル\Object\object2D</Filter>
    </ClInclude>
    <ClInclude Include="object3d.h">
      <Filter>ヘッダー ファイル\Object\object3D</Filter>
    </ClInclude>
    <ClInclude Include="player.h">
      <Filter>ヘッダー ファイル\Object\objectX</Filter>
    </ClInclude>
    <ClInclude Include="objectx.h">
      <Filter>ヘッダー ファイル\Object\objectX</Filter>
    </ClInclude>
    <ClInclude Include="polygon.h">
      <Filter>ヘッダー ファイル\Object\object3D</Filter>
    </ClInclude>
    <ClInclude Include="shadow.h">
      <Filter>ヘッダー ファイル\Object\object3D</Filter>
    </ClInclude>
    <ClInclude Include="billboard.h">
      <Filter>ヘッダー ファイル\Object\ビルボード</Filter>
    </ClInclude>
    <ClInclude Include="bullet.h">
      <Filter>ヘッダー ファイル\Object\ビルボード</Filter>
    </ClInclude>
    <ClInclude Include="effect.h">
      <Filter>ヘッダー ファイル\Object\ビルボード</Filter>
    </ClInclude>
    <ClInclude Include="debugproc.h">
      <Filter>ヘッダー ファイル</Filter>
    </ClInclude>
  </ItemGroup>
</Project>